
Microsoft Visual Studio Solution File, Format Version 12.00
# Visual Studio Version 17
VisualStudioVersion = 17.9.34723.18
MinimumVisualStudioVersion = 10.0.40219.1
Project("{FAE04EC0-301F-11D3-BF4B-00C04F79EFBC}") = "TodoAPI", "TodoAPI.csproj", "{AE3558F5-280D-42E1-A224-95F7BC1DFA5D}"
EndProject
Global
	GlobalSection(SolutionConfigurationPlatforms) = preSolution
		Debug|Any CPU = Debug|Any CPU
		Release|Any CPU = Release|Any CPU
	EndGlobalSection
	GlobalSection(ProjectConfigurationPlatforms) = postSolution
		{AE3558F5-280D-42E1-A224-95F7BC1DFA5D}.Debug|Any CPU.ActiveCfg = Debug|Any CPU
		{AE3558F5-280D-42E1-A224-95F7BC1DFA5D}.Debug|Any CPU.Build.0 = Debug|Any CPU
		{AE3558F5-280D-42E1-A224-95F7BC1DFA5D}.Release|Any CPU.ActiveCfg = Release|Any CPU
		{AE3558F5-280D-42E1-A224-95F7BC1DFA5D}.Release|Any CPU.Build.0 = Release|Any CPU
	EndGlobalSection
	GlobalSection(SolutionProperties) = preSolution
		HideSolutionNode = FALSE
	EndGlobalSection
	GlobalSection(ExtensibilityGlobals) = postSolution
		SolutionGuid = {DA05A6A3-C89B-4445-9DA8-08BAA2EBCB34}
	EndGlobalSection
EndGlobal
